
Microsoft Visual Studio Solution File, Format Version 12.00
# Visual Studio 14
VisualStudioVersion = 14.0.23107.0
MinimumVisualStudioVersion = 10.0.40219.1
Project("{FAE04EC0-301F-11D3-BF4B-00C04F79EFBC}") = "TestCaseConverter", "TestCaseConverter\TestCaseConverter.csproj", "{89A8C543-7E1D-4265-912B-586FE4017451}"
EndProject
Project("{FAE04EC0-301F-11D3-BF4B-00C04F79EFBC}") = "TestCaseConverterTests", "TestCaseConverterTests\TestCaseConverterTests.csproj", "{37984075-BEE5-47D8-9A09-414D1485642D}"
EndProject
Global
	GlobalSection(SolutionConfigurationPlatforms) = preSolution
		Debug|Any CPU = Debug|Any CPU
		Release|Any CPU = Release|Any CPU
	EndGlobalSection
	GlobalSection(ProjectConfigurationPlatforms) = postSolution
		{89A8C543-7E1D-4265-912B-586FE4017451}.Debug|Any CPU.ActiveCfg = Debug|Any CPU
		{89A8C543-7E1D-4265-912B-586FE4017451}.Debug|Any CPU.Build.0 = Debug|Any CPU
		{89A8C543-7E1D-4265-912B-586FE4017451}.Release|Any CPU.ActiveCfg = Release|Any CPU
		{89A8C543-7E1D-4265-912B-586FE4017451}.Release|Any CPU.Build.0 = Release|Any CPU
		{37984075-BEE5-47D8-9A09-414D1485642D}.Debug|Any CPU.ActiveCfg = Debug|Any CPU
		{37984075-BEE5-47D8-9A09-414D1485642D}.Debug|Any CPU.Build.0 = Debug|Any CPU
		{37984075-BEE5-47D8-9A09-414D1485642D}.Release|Any CPU.ActiveCfg = Release|Any CPU
		{37984075-BEE5-47D8-9A09-414D1485642D}.Release|Any CPU.Build.0 = Release|Any CPU
	EndGlobalSection
	GlobalSection(SolutionProperties) = preSolution
		HideSolutionNode = FALSE
	EndGlobalSection
EndGlobal
